
Microsoft Visual Studio Solution File, Format Version 12.00
# Visual Studio Version 17
VisualStudioVersion = 17.3.32901.215
MinimumVisualStudioVersion = 10.0.40219.1
Project("{FAE04EC0-301F-11D3-BF4B-00C04F79EFBC}") = "FruitWebApiREST", "FruitWebApiREST.csproj", "{9F5FEA47-B913-43D5-BEC5-D60B354DE3F0}"
EndProject
Global
	GlobalSection(SolutionConfigurationPlatforms) = preSolution
		Debug|Any CPU = Debug|Any CPU
		Release|Any CPU = Release|Any CPU
	EndGlobalSection
	GlobalSection(ProjectConfigurationPlatforms) = postSolution
		{9F5FEA47-B913-43D5-BEC5-D60B354DE3F0}.Debug|Any CPU.ActiveCfg = Debug|Any CPU
		{9F5FEA47-B913-43D5-BEC5-D60B354DE3F0}.Debug|Any CPU.Build.0 = Debug|Any CPU
		{9F5FEA47-B913-43D5-BEC5-D60B354DE3F0}.Release|Any CPU.ActiveCfg = Release|Any CPU
		{9F5FEA47-B913-43D5-BEC5-D60B354DE3F0}.Release|Any CPU.Build.0 = Release|Any CPU
	EndGlobalSection
	GlobalSection(SolutionProperties) = preSolution
		HideSolutionNode = FALSE
	EndGlobalSection
	GlobalSection(ExtensibilityGlobals) = postSolution
		SolutionGuid = {2D9233C0-11B6-432D-8417-C148E3E2D59D}
	EndGlobalSection
EndGlobal
